{
  "name": "scandipwa-page-builder-customizations",
  "version": "0.0.0",
  "lockfileVersion": 1,
  "requires": true,
  "dependencies": {
    "dom7": {
      "version": "4.0.6",
      "resolved": "https://registry.npmjs.org/dom7/-/dom7-4.0.6.tgz",
      "integrity": "sha512-emjdpPLhpNubapLFdjNL9tP06Sr+GZkrIHEXLWvOGsytACUrkbeIdjO5g77m00BrHTznnlcNqgmn7pCN192TBA==",
      "requires": {
        "ssr-window": "^4.0.0"
      }
    },
    "react-awesome-lightbox": {
      "version": "1.8.1",
      "resolved": "https://registry.npmjs.org/react-awesome-lightbox/-/react-awesome-lightbox-1.8.1.tgz",
      "integrity": "sha512-E/0Y+D1PaD3blNtzsjwEE0WNo+Zu6V0x0kpuM2eR8XdHh+7Iz783UP47jA1m/XxaCpO7xuvzRiV8mbUceCij6g=="
    },
    "ssr-window": {
      "version": "4.0.2",
      "resolved": "https://registry.npmjs.org/ssr-window/-/ssr-window-4.0.2.tgz",
      "integrity": "sha512-ISv/Ch+ig7SOtw7G2+qkwfVASzazUnvlDTwypdLoPoySv+6MqlOV10VwPSE6EWkGjhW50lUmghPmpYZXMu/+AQ=="
    },
    "swiper": {
      "version": "8.4.7",
      "resolved": "https://registry.npmjs.org/swiper/-/swiper-8.4.7.tgz",
      "integrity": "sha512-VwO/KU3i9IV2Sf+W2NqyzwWob4yX9Qdedq6vBtS0rFqJ6Fa5iLUJwxQkuD4I38w0WDJwmFl8ojkdcRFPHWD+2g==",
      "requires": {
        "dom7": "^4.0.4",
        "ssr-window": "^4.0.2"
      }
    }
  }
}
