{
    "name": "@scandiweb/adobe-page-builder",
    "version": "1.0.1",
    "lockfileVersion": 1,
    "requires": true,
    "dependencies": {
        "eslint-plugin-header": {
            "version": "3.1.1",
            "resolved": "https://registry.npmjs.org/eslint-plugin-header/-/eslint-plugin-header-3.1.1.tgz",
            "integrity": "sha512-9vlKxuJ4qf793CmeeSrZUvVClw6amtpghq3CuWcB5cUNnWHQhgcqy5eF8oVKFk1G3Y/CbchGfEaw3wiIJaNmVg=="
        },
        "google-maps-react": {
            "version": "2.0.6",
            "resolved": "https://registry.npmjs.org/google-maps-react/-/google-maps-react-2.0.6.tgz",
            "integrity": "sha512-M8Eo9WndfQEfxcmm6yRq03qdJgw1x6rQmJ9DN+a+xPQ3K7yNDGkVDbinrf4/8vcox7nELbeopbm4bpefKewWfQ=="
        },
        "he": {
            "version": "1.2.0",
            "resolved": "https://registry.npmjs.org/he/-/he-1.2.0.tgz",
            "integrity": "sha512-F/1DnUGPopORZi0ni+CvrCgHQ5FyEAHRLSApuYWMmrbSwoN2Mn/7k+Gl38gJnR7yyDZk6WLXwiGod1JOWNDKGw=="
        }
    }
}
